
Microsoft Visual Studio Solution File, Format Version 12.00
# Visual Studio 2013
VisualStudioVersion = 12.0.30723.0
MinimumVisualStudioVersion = 10.0.40219.1
Project("{FAE04EC0-301F-11D3-BF4B-00C04F79EFBC}") = "ConvertOldXmlApp", "ConvertOldXmlApp\ConvertOldXmlApp.csproj", "{46B7219A-C108-4173-8ED3-CCE29DCEFDCC}"
EndProject
Project("{FAE04EC0-301F-11D3-BF4B-00C04F79EFBC}") = "SharpUnits.SourceData", "SharpUnits.SourceData\SharpUnits.SourceData.csproj", "{D468B40B-CF60-47AE-A225-8F10BF69E4C4}"
EndProject
Project("{FAE04EC0-301F-11D3-BF4B-00C04F79EFBC}") = "SharpUnits.Framework", "SharpUnits.Framework\SharpUnits.Framework.csproj", "{2538D9B6-C126-4BD1-9127-D86DD1D33053}"
EndProject
Project("{FAE04EC0-301F-11D3-BF4B-00C04F79EFBC}") = "SharpUnits", "SharpUnits\SharpUnits.csproj", "{2B3A7E44-2CDC-406F-86ED-0520224A83E8}"
EndProject
Project("{FAE04EC0-301F-11D3-BF4B-00C04F79EFBC}") = "SharpUnits.Framework.Tests", "SharpUnits.Framework.Tests\SharpUnits.Framework.Tests.csproj", "{D46CEBCA-1E27-4C82-A844-0B67C553F933}"
EndProject
Global
	GlobalSection(SolutionConfigurationPlatforms) = preSolution
		Debug|Any CPU = Debug|Any CPU
		Release|Any CPU = Release|Any CPU
	EndGlobalSection
	GlobalSection(ProjectConfigurationPlatforms) = postSolution
		{46B7219A-C108-4173-8ED3-CCE29DCEFDCC}.Debug|Any CPU.ActiveCfg = Debug|Any CPU
		{46B7219A-C108-4173-8ED3-CCE29DCEFDCC}.Debug|Any CPU.Build.0 = Debug|Any CPU
		{46B7219A-C108-4173-8ED3-CCE29DCEFDCC}.Release|Any CPU.ActiveCfg = Release|Any CPU
		{46B7219A-C108-4173-8ED3-CCE29DCEFDCC}.Release|Any CPU.Build.0 = Release|Any CPU
		{D468B40B-CF60-47AE-A225-8F10BF69E4C4}.Debug|Any CPU.ActiveCfg = Debug|Any CPU
		{D468B40B-CF60-47AE-A225-8F10BF69E4C4}.Debug|Any CPU.Build.0 = Debug|Any CPU
		{D468B40B-CF60-47AE-A225-8F10BF69E4C4}.Release|Any CPU.ActiveCfg = Release|Any CPU
		{D468B40B-CF60-47AE-A225-8F10BF69E4C4}.Release|Any CPU.Build.0 = Release|Any CPU
		{2538D9B6-C126-4BD1-9127-D86DD1D33053}.Debug|Any CPU.ActiveCfg = Debug|Any CPU
		{2538D9B6-C126-4BD1-9127-D86DD1D33053}.Debug|Any CPU.Build.0 = Debug|Any CPU
		{2538D9B6-C126-4BD1-9127-D86DD1D33053}.Release|Any CPU.ActiveCfg = Release|Any CPU
		{2538D9B6-C126-4BD1-9127-D86DD1D33053}.Release|Any CPU.Build.0 = Release|Any CPU
		{2B3A7E44-2CDC-406F-86ED-0520224A83E8}.Debug|Any CPU.ActiveCfg = Debug|Any CPU
		{2B3A7E44-2CDC-406F-86ED-0520224A83E8}.Debug|Any CPU.Build.0 = Debug|Any CPU
		{2B3A7E44-2CDC-406F-86ED-0520224A83E8}.Release|Any CPU.ActiveCfg = Release|Any CPU
		{2B3A7E44-2CDC-406F-86ED-0520224A83E8}.Release|Any CPU.Build.0 = Release|Any CPU
		{D46CEBCA-1E27-4C82-A844-0B67C553F933}.Debug|Any CPU.ActiveCfg = Debug|Any CPU
		{D46CEBCA-1E27-4C82-A844-0B67C553F933}.Debug|Any CPU.Build.0 = Debug|Any CPU
		{D46CEBCA-1E27-4C82-A844-0B67C553F933}.Release|Any CPU.ActiveCfg = Release|Any CPU
		{D46CEBCA-1E27-4C82-A844-0B67C553F933}.Release|Any CPU.Build.0 = Release|Any CPU
	EndGlobalSection
	GlobalSection(SolutionProperties) = preSolution
		HideSolutionNode = FALSE
	EndGlobalSection
EndGlobal
